// !$*UTF8*$!
{
	archiveVersion = 1;
	classes = {
	};
	objectVersion = 46;
	objects = {

/* Begin PBXBuildFile section */
		21F6D24B3F1900A14384B485 /* Pods_AppOfMyLifeUITests.framework in Frameworks */ = {isa = PBXBuildFile; fileRef = 4FEB886BA66C5020ADA99F9E /* Pods_AppOfMyLifeUITests.framework */; };
		5F169A241AAC8FCE6D016480 /* Pods_AppOfMyLifeTests.framework in Frameworks */ = {isa = PBXBuildFile; fileRef = 34D7AA866A5CBDD33DFE23F6 /* Pods_AppOfMyLifeTests.framework */; };
		9F12A8A61F3BE84300180307 /* LoginService.swift in Sources */ = {isa = PBXBuildFile; fileRef = 9F12A8A51F3BE84300180307 /* LoginService.swift */; };
		9F12A8AB1F3BEBC800180307 /* UserSession.swift in Sources */ = {isa = PBXBuildFile; fileRef = 9F12A8AA1F3BEBC800180307 /* UserSession.swift */; };
		9F27E0921F41597C00C96444 /* UIViewController+Extension.swift in Sources */ = {isa = PBXBuildFile; fileRef = 9F27E0911F41597C00C96444 /* UIViewController+Extension.swift */; };
		9F27E0941F4159BE00C96444 /* UIStoryboard+Extension.swift in Sources */ = {isa = PBXBuildFile; fileRef = 9F27E0931F4159BE00C96444 /* UIStoryboard+Extension.swift */; };
		9F27E0981F4162A200C96444 /* LoginApiClient.swift in Sources */ = {isa = PBXBuildFile; fileRef = 9F27E0971F4162A200C96444 /* LoginApiClient.swift */; };
		9F27E09A1F4162DA00C96444 /* HomeApiClient.swift in Sources */ = {isa = PBXBuildFile; fileRef = 9F27E0991F4162DA00C96444 /* HomeApiClient.swift */; };
		9F27E09C1F41636B00C96444 /* HomeApiClientSpec.swift in Sources */ = {isa = PBXBuildFile; fileRef = 9F27E09B1F41636B00C96444 /* HomeApiClientSpec.swift */; };
		9F27E09F1F41651800C96444 /* GetCalendarSuccess.json in Resources */ = {isa = PBXBuildFile; fileRef = 9F27E09E1F41651800C96444 /* GetCalendarSuccess.json */; };
		9F3AEFF81F3A9B5C00EAE651 /* AppDelegate.swift in Sources */ = {isa = PBXBuildFile; fileRef = 9F3AEFF71F3A9B5C00EAE651 /* AppDelegate.swift */; };
		9F3AEFFD1F3A9B5C00EAE651 /* Login.storyboard in Resources */ = {isa = PBXBuildFile; fileRef = 9F3AEFFB1F3A9B5C00EAE651 /* Login.storyboard */; };
		9F3AEFFF1F3A9B5C00EAE651 /* Assets.xcassets in Resources */ = {isa = PBXBuildFile; fileRef = 9F3AEFFE1F3A9B5C00EAE651 /* Assets.xcassets */; };
		9F3AF0021F3A9B5C00EAE651 /* LaunchScreen.storyboard in Resources */ = {isa = PBXBuildFile; fileRef = 9F3AF0001F3A9B5C00EAE651 /* LaunchScreen.storyboard */; };
		9F3AF0181F3A9B5C00EAE651 /* AppOfMyLifeUITests.swift in Sources */ = {isa = PBXBuildFile; fileRef = 9F3AF0171F3A9B5C00EAE651 /* AppOfMyLifeUITests.swift */; };
		9F4331341F3ABEFB00BA4331 /* Network.swift in Sources */ = {isa = PBXBuildFile; fileRef = 9F4331331F3ABEFB00BA4331 /* Network.swift */; };
		9F4331371F3AC0E700BA4331 /* TraktAPI.swift in Sources */ = {isa = PBXBuildFile; fileRef = 9F4331361F3AC0E700BA4331 /* TraktAPI.swift */; };
		9F4331391F3AC49900BA4331 /* LoginViewController.swift in Sources */ = {isa = PBXBuildFile; fileRef = 9F4331381F3AC49900BA4331 /* LoginViewController.swift */; };
		9F43313B1F3AC59100BA4331 /* LoginPresenter.swift in Sources */ = {isa = PBXBuildFile; fileRef = 9F43313A1F3AC59100BA4331 /* LoginPresenter.swift */; };
		9F433AAD1F3F60B200A5E562 /* EpisodeDetailViewController.swift in Sources */ = {isa = PBXBuildFile; fileRef = 9F433AAC1F3F60B200A5E562 /* EpisodeDetailViewController.swift */; };
		9F433AAF1F3F60E100A5E562 /* EpisodeDetailPresenter.swift in Sources */ = {isa = PBXBuildFile; fileRef = 9F433AAE1F3F60E100A5E562 /* EpisodeDetailPresenter.swift */; };
		9F433AB11F3F61F800A5E562 /* EpisodeService.swift in Sources */ = {isa = PBXBuildFile; fileRef = 9F433AB01F3F61F800A5E562 /* EpisodeService.swift */; };
		9F433AB41F40C1CE00A5E562 /* SeasonsListViewController.swift in Sources */ = {isa = PBXBuildFile; fileRef = 9F433AB31F40C1CE00A5E562 /* SeasonsListViewController.swift */; };
		9F433AB61F40C24D00A5E562 /* SeasonsListPresenter.swift in Sources */ = {isa = PBXBuildFile; fileRef = 9F433AB51F40C24D00A5E562 /* SeasonsListPresenter.swift */; };
		9F433AB81F40C4A600A5E562 /* SeasonService.swift in Sources */ = {isa = PBXBuildFile; fileRef = 9F433AB71F40C4A600A5E562 /* SeasonService.swift */; };
		9F433ABB1F40D85300A5E562 /* EpisodesListViewController.swift in Sources */ = {isa = PBXBuildFile; fileRef = 9F433ABA1F40D85300A5E562 /* EpisodesListViewController.swift */; };
		9F433ABD1F40D94300A5E562 /* EpisodesListPresenter.swift in Sources */ = {isa = PBXBuildFile; fileRef = 9F433ABC1F40D94300A5E562 /* EpisodesListPresenter.swift */; };
		9F433ABF1F40E19100A5E562 /* EpisodeDateCell.xib in Resources */ = {isa = PBXBuildFile; fileRef = 9F433ABE1F40E19100A5E562 /* EpisodeDateCell.xib */; };
		9F433AC11F40E3F400A5E562 /* EpisodeDateCell.swift in Sources */ = {isa = PBXBuildFile; fileRef = 9F433AC01F40E3F400A5E562 /* EpisodeDateCell.swift */; };
		9F433AC51F40F01F00A5E562 /* HistoryService.swift in Sources */ = {isa = PBXBuildFile; fileRef = 9F433AC41F40F01F00A5E562 /* HistoryService.swift */; };
		9F433AC71F40F0AF00A5E562 /* History.swift in Sources */ = {isa = PBXBuildFile; fileRef = 9F433AC61F40F0AF00A5E562 /* History.swift */; };
		9F433AC91F40F3C400A5E562 /* ButtonCell.swift in Sources */ = {isa = PBXBuildFile; fileRef = 9F433AC81F40F3C400A5E562 /* ButtonCell.swift */; };
		9F433ACB1F40F3D200A5E562 /* ButtonCell.xib in Resources */ = {isa = PBXBuildFile; fileRef = 9F433ACA1F40F3D200A5E562 /* ButtonCell.xib */; };
		9F5C9E251F411A5A0071B6C6 /* Profile.storyboard in Resources */ = {isa = PBXBuildFile; fileRef = 9F5C9E231F411A5A0071B6C6 /* Profile.storyboard */; };
		9F5C9E281F411B490071B6C6 /* ProfileViewController.swift in Sources */ = {isa = PBXBuildFile; fileRef = 9F5C9E271F411B490071B6C6 /* ProfileViewController.swift */; };
		9F5C9E2A1F411B8F0071B6C6 /* ProfilePresenter.swift in Sources */ = {isa = PBXBuildFile; fileRef = 9F5C9E291F411B8F0071B6C6 /* ProfilePresenter.swift */; };
		9F5C9E2C1F411CDA0071B6C6 /* UserService.swift in Sources */ = {isa = PBXBuildFile; fileRef = 9F5C9E2B1F411CDA0071B6C6 /* UserService.swift */; };
		9F5C9E2E1F411DA20071B6C6 /* UserSettings.swift in Sources */ = {isa = PBXBuildFile; fileRef = 9F5C9E2D1F411DA20071B6C6 /* UserSettings.swift */; };
		9F5C9E301F411DD50071B6C6 /* User.swift in Sources */ = {isa = PBXBuildFile; fileRef = 9F5C9E2F1F411DD50071B6C6 /* User.swift */; };
		9F7763D21F3D33F300E9E885 /* Main.storyboard in Resources */ = {isa = PBXBuildFile; fileRef = 9F7763D01F3D33F300E9E885 /* Main.storyboard */; };
		9F7763D51F3D346400E9E885 /* Home.storyboard in Resources */ = {isa = PBXBuildFile; fileRef = 9F7763D31F3D346400E9E885 /* Home.storyboard */; };
		9F7763D81F3D38CA00E9E885 /* HomeViewController.swift in Sources */ = {isa = PBXBuildFile; fileRef = 9F7763D71F3D38CA00E9E885 /* HomeViewController.swift */; };
		9F7763DB1F3D391A00E9E885 /* ScheduleCell.swift in Sources */ = {isa = PBXBuildFile; fileRef = 9F7763DA1F3D391A00E9E885 /* ScheduleCell.swift */; };
		9F7763DD1F3D393F00E9E885 /* ScheduleCell.xib in Resources */ = {isa = PBXBuildFile; fileRef = 9F7763DC1F3D393F00E9E885 /* ScheduleCell.xib */; };
		9F7763E51F3D429A00E9E885 /* HomePresenter.swift in Sources */ = {isa = PBXBuildFile; fileRef = 9F7763E41F3D429A00E9E885 /* HomePresenter.swift */; };
		9F7763E71F3D43A500E9E885 /* Episode.swift in Sources */ = {isa = PBXBuildFile; fileRef = 9F7763E61F3D43A500E9E885 /* Episode.swift */; };
		9F7763E91F3D453400E9E885 /* UserCredential.swift in Sources */ = {isa = PBXBuildFile; fileRef = 9F7763E81F3D453400E9E885 /* UserCredential.swift */; };
		9F7763EB1F3D462D00E9E885 /* Show.swift in Sources */ = {isa = PBXBuildFile; fileRef = 9F7763EA1F3D462D00E9E885 /* Show.swift */; };
		9F7763ED1F3D467500E9E885 /* ExternalID.swift in Sources */ = {isa = PBXBuildFile; fileRef = 9F7763EC1F3D467500E9E885 /* ExternalID.swift */; };
		9F7763EF1F3D47FB00E9E885 /* HomeService.swift in Sources */ = {isa = PBXBuildFile; fileRef = 9F7763EE1F3D47FB00E9E885 /* HomeService.swift */; };
		9F7763F11F3D48D300E9E885 /* Date+Extension.swift in Sources */ = {isa = PBXBuildFile; fileRef = 9F7763F01F3D48D300E9E885 /* Date+Extension.swift */; };
		9F7763F31F3D49EA00E9E885 /* Schedule.swift in Sources */ = {isa = PBXBuildFile; fileRef = 9F7763F21F3D49EA00E9E885 /* Schedule.swift */; };
		9F7763F61F3E922300E9E885 /* DateExtensionTest.swift in Sources */ = {isa = PBXBuildFile; fileRef = 9F7763F51F3E922300E9E885 /* DateExtensionTest.swift */; };
		9F7763F81F3E985500E9E885 /* TitleHeaderSection.swift in Sources */ = {isa = PBXBuildFile; fileRef = 9F7763F71F3E985500E9E885 /* TitleHeaderSection.swift */; };
		9F7763FA1F3E987700E9E885 /* TitleHeaderSection.xib in Resources */ = {isa = PBXBuildFile; fileRef = 9F7763F91F3E987700E9E885 /* TitleHeaderSection.xib */; };
		9F7763FE1F3EA03400E9E885 /* CollectionViewController.swift in Sources */ = {isa = PBXBuildFile; fileRef = 9F7763FD1F3EA03400E9E885 /* CollectionViewController.swift */; };
		9F7764001F3EA06900E9E885 /* CollectionPresenter.swift in Sources */ = {isa = PBXBuildFile; fileRef = 9F7763FF1F3EA06900E9E885 /* CollectionPresenter.swift */; };
		9F7764021F3EA18F00E9E885 /* CollectionService.swift in Sources */ = {isa = PBXBuildFile; fileRef = 9F7764011F3EA18F00E9E885 /* CollectionService.swift */; };
		9F7764051F3EA38200E9E885 /* Collection.storyboard in Resources */ = {isa = PBXBuildFile; fileRef = 9F7764031F3EA38200E9E885 /* Collection.storyboard */; };
		9F7764081F3EA49900E9E885 /* Collection.swift in Sources */ = {isa = PBXBuildFile; fileRef = 9F7764071F3EA49900E9E885 /* Collection.swift */; };
		9F77640B1F3EAD9200E9E885 /* CollectionItemCell.xib in Resources */ = {isa = PBXBuildFile; fileRef = 9F77640A1F3EAD9200E9E885 /* CollectionItemCell.xib */; };
		9F77640D1F3EAE7100E9E885 /* CollectionItemCell.swift in Sources */ = {isa = PBXBuildFile; fileRef = 9F77640C1F3EAE7100E9E885 /* CollectionItemCell.swift */; };
		9F7764101F3EBEE200E9E885 /* ShowDetailViewController.swift in Sources */ = {isa = PBXBuildFile; fileRef = 9F77640F1F3EBEE200E9E885 /* ShowDetailViewController.swift */; };
		9F7764121F3EBF2E00E9E885 /* ShowDetailPresenter.swift in Sources */ = {isa = PBXBuildFile; fileRef = 9F7764111F3EBF2E00E9E885 /* ShowDetailPresenter.swift */; };
		9F7764141F3EC23B00E9E885 /* ImageCell.swift in Sources */ = {isa = PBXBuildFile; fileRef = 9F7764131F3EC23B00E9E885 /* ImageCell.swift */; };
		9F7764161F3EC25F00E9E885 /* ImageCell.xib in Resources */ = {isa = PBXBuildFile; fileRef = 9F7764151F3EC25F00E9E885 /* ImageCell.xib */; };
		9F7764181F3EC38800E9E885 /* DescriptionCell.swift in Sources */ = {isa = PBXBuildFile; fileRef = 9F7764171F3EC38800E9E885 /* DescriptionCell.swift */; };
		9F77641A1F3EC3A400E9E885 /* DescriptionCell.xib in Resources */ = {isa = PBXBuildFile; fileRef = 9F7764191F3EC3A400E9E885 /* DescriptionCell.xib */; };
		9F77641C1F3EC7BA00E9E885 /* ShowDetailService.swift in Sources */ = {isa = PBXBuildFile; fileRef = 9F77641B1F3EC7BA00E9E885 /* ShowDetailService.swift */; };
		9F77641E1F3F33FA00E9E885 /* Progress.swift in Sources */ = {isa = PBXBuildFile; fileRef = 9F77641D1F3F33FA00E9E885 /* Progress.swift */; };
		9F7764201F3F344F00E9E885 /* Season.swift in Sources */ = {isa = PBXBuildFile; fileRef = 9F77641F1F3F344F00E9E885 /* Season.swift */; };
		9F7764221F3F3C1D00E9E885 /* ProgressCell.swift in Sources */ = {isa = PBXBuildFile; fileRef = 9F7764211F3F3C1D00E9E885 /* ProgressCell.swift */; };
		9F7764241F3F3C5700E9E885 /* ProgressCell.xib in Resources */ = {isa = PBXBuildFile; fileRef = 9F7764231F3F3C5700E9E885 /* ProgressCell.xib */; };
		9F8ABBD41F3F4BDD0040F100 /* TitleWithAccessoryCell.swift in Sources */ = {isa = PBXBuildFile; fileRef = 9F8ABBD31F3F4BDD0040F100 /* TitleWithAccessoryCell.swift */; };
		9F8ABBD61F3F4C010040F100 /* TitleWithAccessoryCell.xib in Resources */ = {isa = PBXBuildFile; fileRef = 9F8ABBD51F3F4C010040F100 /* TitleWithAccessoryCell.xib */; };
		9F98A60C1F412A2500035FBA /* TitleWithDetailCell.swift in Sources */ = {isa = PBXBuildFile; fileRef = 9F98A60B1F412A2500035FBA /* TitleWithDetailCell.swift */; };
		9F98A60E1F412A3F00035FBA /* TitleWithDetailCell.xib in Resources */ = {isa = PBXBuildFile; fileRef = 9F98A60D1F412A3F00035FBA /* TitleWithDetailCell.xib */; };
		9F98A6101F412BB300035FBA /* Stats.swift in Sources */ = {isa = PBXBuildFile; fileRef = 9F98A60F1F412BB300035FBA /* Stats.swift */; };
		9F98A6121F412D7000035FBA /* StatsService.swift in Sources */ = {isa = PBXBuildFile; fileRef = 9F98A6111F412D7000035FBA /* StatsService.swift */; };
		A7C489677A635A76331792BF /* Pods_AppOfMyLife.framework in Frameworks */ = {isa = PBXBuildFile; fileRef = B0DE1CC97A86AC3A7194E45D /* Pods_AppOfMyLife.framework */; };
/* End PBXBuildFile section */

/* Begin PBXContainerItemProxy section */
		9F3AF0091F3A9B5C00EAE651 /* PBXContainerItemProxy */ = {
			isa = PBXContainerItemProxy;
			containerPortal = 9F3AEFEC1F3A9B5C00EAE651 /* Project object */;
			proxyType = 1;
			remoteGlobalIDString = 9F3AEFF31F3A9B5C00EAE651;
			remoteInfo = AppOfMyLife;
		};
		9F3AF0141F3A9B5C00EAE651 /* PBXContainerItemProxy */ = {
			isa = PBXContainerItemProxy;
			containerPortal = 9F3AEFEC1F3A9B5C00EAE651 /* Project object */;
			proxyType = 1;
			remoteGlobalIDString = 9F3AEFF31F3A9B5C00EAE651;
			remoteInfo = AppOfMyLife;
		};
/* End PBXContainerItemProxy section */

/* Begin PBXFileReference section */
		0CF65326923111E7950AD0D2 /* Pods-AppOfMyLifeUITests.debug.xcconfig */ = {isa = PBXFileReference; includeInIndex = 1; lastKnownFileType = text.xcconfig; name = "Pods-AppOfMyLifeUITests.debug.xcconfig"; path = "Pods/Target Support Files/Pods-AppOfMyLifeUITests/Pods-AppOfMyLifeUITests.debug.xcconfig"; sourceTree = "<group>"; };
		1ED3DBA105635DBD1E54B477 /* Pods-AppOfMyLife.debug.xcconfig */ = {isa = PBXFileReference; includeInIndex = 1; lastKnownFileType = text.xcconfig; name = "Pods-AppOfMyLife.debug.xcconfig"; path = "Pods/Target Support Files/Pods-AppOfMyLife/Pods-AppOfMyLife.debug.xcconfig"; sourceTree = "<group>"; };
		2610D1CF3996FCE073E528BE /* Pods-AppOfMyLifeTests.debug.xcconfig */ = {isa = PBXFileReference; includeInIndex = 1; lastKnownFileType = text.xcconfig; name = "Pods-AppOfMyLifeTests.debug.xcconfig"; path = "Pods/Target Support Files/Pods-AppOfMyLifeTests/Pods-AppOfMyLifeTests.debug.xcconfig"; sourceTree = "<group>"; };
		27B7CFE493B0571E28AC8910 /* Pods-AppOfMyLife.release.xcconfig */ = {isa = PBXFileReference; includeInIndex = 1; lastKnownFileType = text.xcconfig; name = "Pods-AppOfMyLife.release.xcconfig"; path = "Pods/Target Support Files/Pods-AppOfMyLife/Pods-AppOfMyLife.release.xcconfig"; sourceTree = "<group>"; };
		34D7AA866A5CBDD33DFE23F6 /* Pods_AppOfMyLifeTests.framework */ = {isa = PBXFileReference; explicitFileType = wrapper.framework; includeInIndex = 0; path = Pods_AppOfMyLifeTests.framework; sourceTree = BUILT_PRODUCTS_DIR; };
		4FEB886BA66C5020ADA99F9E /* Pods_AppOfMyLifeUITests.framework */ = {isa = PBXFileReference; explicitFileType = wrapper.framework; includeInIndex = 0; path = Pods_AppOfMyLifeUITests.framework; sourceTree = BUILT_PRODUCTS_DIR; };
		8A951AC6685FABD4EE5DE7EB /* Pods-AppOfMyLifeTests.release.xcconfig */ = {isa = PBXFileReference; includeInIndex = 1; lastKnownFileType = text.xcconfig; name = "Pods-AppOfMyLifeTests.release.xcconfig"; path = "Pods/Target Support Files/Pods-AppOfMyLifeTests/Pods-AppOfMyLifeTests.release.xcconfig"; sourceTree = "<group>"; };
		9F12A8A51F3BE84300180307 /* LoginService.swift */ = {isa = PBXFileReference; fileEncoding = 4; lastKnownFileType = sourcecode.swift; name = LoginService.swift; path = API/LoginService.swift; sourceTree = "<group>"; };
		9F12A8AA1F3BEBC800180307 /* UserSession.swift */ = {isa = PBXFileReference; fileEncoding = 4; lastKnownFileType = sourcecode.swift; name = UserSession.swift; path = UserSession/UserSession.swift; sourceTree = "<group>"; };
		9F27E0911F41597C00C96444 /* UIViewController+Extension.swift */ = {isa = PBXFileReference; fileEncoding = 4; lastKnownFileType = sourcecode.swift; name = "UIViewController+Extension.swift"; path = "Extensions/UIViewController+Extension.swift"; sourceTree = "<group>"; };
		9F27E0931F4159BE00C96444 /* UIStoryboard+Extension.swift */ = {isa = PBXFileReference; fileEncoding = 4; lastKnownFileType = sourcecode.swift; name = "UIStoryboard+Extension.swift"; path = "Extensions/UIStoryboard+Extension.swift"; sourceTree = "<group>"; };
		9F27E0971F4162A200C96444 /* LoginApiClient.swift */ = {isa = PBXFileReference; fileEncoding = 4; lastKnownFileType = sourcecode.swift; name = LoginApiClient.swift; path = API/LoginApiClient.swift; sourceTree = "<group>"; };
		9F27E0991F4162DA00C96444 /* HomeApiClient.swift */ = {isa = PBXFileReference; fileEncoding = 4; lastKnownFileType = sourcecode.swift; name = HomeApiClient.swift; path = API/HomeApiClient.swift; sourceTree = "<group>"; };
		9F27E09B1F41636B00C96444 /* HomeApiClientSpec.swift */ = {isa = PBXFileReference; fileEncoding = 4; lastKnownFileType = sourcecode.swift; path = HomeApiClientSpec.swift; sourceTree = "<group>"; };
		9F27E09E1F41651800C96444 /* GetCalendarSuccess.json */ = {isa = PBXFileReference; fileEncoding = 4; lastKnownFileType = text.json; name = GetCalendarSuccess.json; path = Stubs/GetCalendarSuccess.json; sourceTree = "<group>"; };
		9F3AEFF41F3A9B5C00EAE651 /* AppOfMyLife.app */ = {isa = PBXFileReference; explicitFileType = wrapper.application; includeInIndex = 0; path = AppOfMyLife.app; sourceTree = BUILT_PRODUCTS_DIR; };
		9F3AEFF71F3A9B5C00EAE651 /* AppDelegate.swift */ = {isa = PBXFileReference; lastKnownFileType = sourcecode.swift; path = AppDelegate.swift; sourceTree = "<group>"; };
		9F3AEFFC1F3A9B5C00EAE651 /* Base */ = {isa = PBXFileReference; lastKnownFileType = file.storyboard; name = Base; path = Base.lproj/Login.storyboard; sourceTree = "<group>"; };
		9F3AEFFE1F3A9B5C00EAE651 /* Assets.xcassets */ = {isa = PBXFileReference; lastKnownFileType = folder.assetcatalog; path = Assets.xcassets; sourceTree = "<group>"; };
		9F3AF0011F3A9B5C00EAE651 /* Base */ = {isa = PBXFileReference; lastKnownFileType = file.storyboard; name = Base; path = Base.lproj/LaunchScreen.storyboard; sourceTree = "<group>"; };
		9F3AF0031F3A9B5C00EAE651 /* Info.plist */ = {isa = PBXFileReference; lastKnownFileType = text.plist.xml; path = Info.plist; sourceTree = "<group>"; };
		9F3AF0081F3A9B5C00EAE651 /* AppOfMyLifeTests.xctest */ = {isa = PBXFileReference; explicitFileType = wrapper.cfbundle; includeInIndex = 0; path = AppOfMyLifeTests.xctest; sourceTree = BUILT_PRODUCTS_DIR; };
		9F3AF00E1F3A9B5C00EAE651 /* Info.plist */ = {isa = PBXFileReference; lastKnownFileType = text.plist.xml; path = Info.plist; sourceTree = "<group>"; };
		9F3AF0131F3A9B5C00EAE651 /* AppOfMyLifeUITests.xctest */ = {isa = PBXFileReference; explicitFileType = wrapper.cfbundle; includeInIndex = 0; path = AppOfMyLifeUITests.xctest; sourceTree = BUILT_PRODUCTS_DIR; };
		9F3AF0171F3A9B5C00EAE651 /* AppOfMyLifeUITests.swift */ = {isa = PBXFileReference; lastKnownFileType = sourcecode.swift; path = AppOfMyLifeUITests.swift; sourceTree = "<group>"; };
		9F3AF0191F3A9B5C00EAE651 /* Info.plist */ = {isa = PBXFileReference; lastKnownFileType = text.plist.xml; path = Info.plist; sourceTree = "<group>"; };
		9F4331331F3ABEFB00BA4331 /* Network.swift */ = {isa = PBXFileReference; fileEncoding = 4; lastKnownFileType = sourcecode.swift; name = Network.swift; path = Network/Network.swift; sourceTree = "<group>"; };
		9F4331361F3AC0E700BA4331 /* TraktAPI.swift */ = {isa = PBXFileReference; fileEncoding = 4; lastKnownFileType = sourcecode.swift; name = TraktAPI.swift; path = API/TraktAPI.swift; sourceTree = "<group>"; };
		9F4331381F3AC49900BA4331 /* LoginViewController.swift */ = {isa = PBXFileReference; fileEncoding = 4; lastKnownFileType = sourcecode.swift; name = LoginViewController.swift; path = Login/LoginViewController.swift; sourceTree = "<group>"; };
		9F43313A1F3AC59100BA4331 /* LoginPresenter.swift */ = {isa = PBXFileReference; fileEncoding = 4; lastKnownFileType = sourcecode.swift; name = LoginPresenter.swift; path = Login/LoginPresenter.swift; sourceTree = "<group>"; };
		9F433AAC1F3F60B200A5E562 /* EpisodeDetailViewController.swift */ = {isa = PBXFileReference; fileEncoding = 4; lastKnownFileType = sourcecode.swift; name = EpisodeDetailViewController.swift; path = EpisodeDetail/EpisodeDetailViewController.swift; sourceTree = "<group>"; };
		9F433AAE1F3F60E100A5E562 /* EpisodeDetailPresenter.swift */ = {isa = PBXFileReference; fileEncoding = 4; lastKnownFileType = sourcecode.swift; name = EpisodeDetailPresenter.swift; path = EpisodeDetail/EpisodeDetailPresenter.swift; sourceTree = "<group>"; };
		9F433AB01F3F61F800A5E562 /* EpisodeService.swift */ = {isa = PBXFileReference; fileEncoding = 4; lastKnownFileType = sourcecode.swift; name = EpisodeService.swift; path = API/EpisodeService.swift; sourceTree = "<group>"; };
		9F433AB31F40C1CE00A5E562 /* SeasonsListViewController.swift */ = {isa = PBXFileReference; fileEncoding = 4; lastKnownFileType = sourcecode.swift; name = SeasonsListViewController.swift; path = Seasons/SeasonsListViewController.swift; sourceTree = "<group>"; };
		9F433AB51F40C24D00A5E562 /* SeasonsListPresenter.swift */ = {isa = PBXFileReference; fileEncoding = 4; lastKnownFileType = sourcecode.swift; name = SeasonsListPresenter.swift; path = Seasons/SeasonsListPresenter.swift; sourceTree = "<group>"; };
		9F433AB71F40C4A600A5E562 /* SeasonService.swift */ = {isa = PBXFileReference; fileEncoding = 4; lastKnownFileType = sourcecode.swift; name = SeasonService.swift; path = API/SeasonService.swift; sourceTree = "<group>"; };
		9F433ABA1F40D85300A5E562 /* EpisodesListViewController.swift */ = {isa = PBXFileReference; fileEncoding = 4; lastKnownFileType = sourcecode.swift; name = EpisodesListViewController.swift; path = Episodes/EpisodesListViewController.swift; sourceTree = "<group>"; };
		9F433ABC1F40D94300A5E562 /* EpisodesListPresenter.swift */ = {isa = PBXFileReference; fileEncoding = 4; lastKnownFileType = sourcecode.swift; name = EpisodesListPresenter.swift; path = Episodes/EpisodesListPresenter.swift; sourceTree = "<group>"; };
		9F433ABE1F40E19100A5E562 /* EpisodeDateCell.xib */ = {isa = PBXFileReference; fileEncoding = 4; lastKnownFileType = file.xib; name = EpisodeDateCell.xib; path = CustomCells/EpisodeDateCell.xib; sourceTree = "<group>"; };
		9F433AC01F40E3F400A5E562 /* EpisodeDateCell.swift */ = {isa = PBXFileReference; fileEncoding = 4; lastKnownFileType = sourcecode.swift; name = EpisodeDateCell.swift; path = CustomCells/EpisodeDateCell.swift; sourceTree = "<group>"; };
		9F433AC41F40F01F00A5E562 /* HistoryService.swift */ = {isa = PBXFileReference; fileEncoding = 4; lastKnownFileType = sourcecode.swift; name = HistoryService.swift; path = API/HistoryService.swift; sourceTree = "<group>"; };
		9F433AC61F40F0AF00A5E562 /* History.swift */ = {isa = PBXFileReference; fileEncoding = 4; lastKnownFileType = sourcecode.swift; name = History.swift; path = Model/History.swift; sourceTree = "<group>"; };
		9F433AC81F40F3C400A5E562 /* ButtonCell.swift */ = {isa = PBXFileReference; fileEncoding = 4; lastKnownFileType = sourcecode.swift; name = ButtonCell.swift; path = CustomCells/ButtonCell.swift; sourceTree = "<group>"; };
		9F433ACA1F40F3D200A5E562 /* ButtonCell.xib */ = {isa = PBXFileReference; fileEncoding = 4; lastKnownFileType = file.xib; name = ButtonCell.xib; path = CustomCells/ButtonCell.xib; sourceTree = "<group>"; };
		9F5C9E241F411A5A0071B6C6 /* Base */ = {isa = PBXFileReference; lastKnownFileType = file.storyboard; name = Base; path = Base.lproj/Profile.storyboard; sourceTree = "<group>"; };
		9F5C9E271F411B490071B6C6 /* ProfileViewController.swift */ = {isa = PBXFileReference; fileEncoding = 4; lastKnownFileType = sourcecode.swift; name = ProfileViewController.swift; path = Profile/ProfileViewController.swift; sourceTree = "<group>"; };
		9F5C9E291F411B8F0071B6C6 /* ProfilePresenter.swift */ = {isa = PBXFileReference; fileEncoding = 4; lastKnownFileType = sourcecode.swift; name = ProfilePresenter.swift; path = Profile/ProfilePresenter.swift; sourceTree = "<group>"; };
		9F5C9E2B1F411CDA0071B6C6 /* UserService.swift */ = {isa = PBXFileReference; fileEncoding = 4; lastKnownFileType = sourcecode.swift; name = UserService.swift; path = API/UserService.swift; sourceTree = "<group>"; };
		9F5C9E2D1F411DA20071B6C6 /* UserSettings.swift */ = {isa = PBXFileReference; fileEncoding = 4; lastKnownFileType = sourcecode.swift; name = UserSettings.swift; path = Model/UserSettings.swift; sourceTree = "<group>"; };
		9F5C9E2F1F411DD50071B6C6 /* User.swift */ = {isa = PBXFileReference; fileEncoding = 4; lastKnownFileType = sourcecode.swift; name = User.swift; path = Model/User.swift; sourceTree = "<group>"; };
		9F7763D11F3D33F300E9E885 /* Base */ = {isa = PBXFileReference; lastKnownFileType = file.storyboard; name = Base; path = Base.lproj/Main.storyboard; sourceTree = "<group>"; };
		9F7763D41F3D346400E9E885 /* Base */ = {isa = PBXFileReference; lastKnownFileType = file.storyboard; name = Base; path = Base.lproj/Home.storyboard; sourceTree = "<group>"; };
		9F7763D71F3D38CA00E9E885 /* HomeViewController.swift */ = {isa = PBXFileReference; fileEncoding = 4; lastKnownFileType = sourcecode.swift; name = HomeViewController.swift; path = Home/HomeViewController.swift; sourceTree = "<group>"; };
		9F7763DA1F3D391A00E9E885 /* ScheduleCell.swift */ = {isa = PBXFileReference; fileEncoding = 4; lastKnownFileType = sourcecode.swift; name = ScheduleCell.swift; path = Home/Cells/ScheduleCell.swift; sourceTree = "<group>"; };
		9F7763DC1F3D393F00E9E885 /* ScheduleCell.xib */ = {isa = PBXFileReference; fileEncoding = 4; lastKnownFileType = file.xib; name = ScheduleCell.xib; path = Home/Cells/ScheduleCell.xib; sourceTree = "<group>"; };
		9F7763E41F3D429A00E9E885 /* HomePresenter.swift */ = {isa = PBXFileReference; fileEncoding = 4; lastKnownFileType = sourcecode.swift; name = HomePresenter.swift; path = Home/HomePresenter.swift; sourceTree = "<group>"; };
		9F7763E61F3D43A500E9E885 /* Episode.swift */ = {isa = PBXFileReference; fileEncoding = 4; lastKnownFileType = sourcecode.swift; name = Episode.swift; path = Model/Episode.swift; sourceTree = "<group>"; };
		9F7763E81F3D453400E9E885 /* UserCredential.swift */ = {isa = PBXFileReference; fileEncoding = 4; lastKnownFileType = sourcecode.swift; name = UserCredential.swift; path = Model/UserCredential.swift; sourceTree = "<group>"; };
		9F7763EA1F3D462D00E9E885 /* Show.swift */ = {isa = PBXFileReference; fileEncoding = 4; lastKnownFileType = sourcecode.swift; name = Show.swift; path = Model/Show.swift; sourceTree = "<group>"; };
		9F7763EC1F3D467500E9E885 /* ExternalID.swift */ = {isa = PBXFileReference; fileEncoding = 4; lastKnownFileType = sourcecode.swift; name = ExternalID.swift; path = Model/ExternalID.swift; sourceTree = "<group>"; };
		9F7763EE1F3D47FB00E9E885 /* HomeService.swift */ = {isa = PBXFileReference; fileEncoding = 4; lastKnownFileType = sourcecode.swift; name = HomeService.swift; path = API/HomeService.swift; sourceTree = "<group>"; };
		9F7763F01F3D48D300E9E885 /* Date+Extension.swift */ = {isa = PBXFileReference; fileEncoding = 4; lastKnownFileType = sourcecode.swift; name = "Date+Extension.swift"; path = "Extensions/Date+Extension.swift"; sourceTree = "<group>"; };
		9F7763F21F3D49EA00E9E885 /* Schedule.swift */ = {isa = PBXFileReference; fileEncoding = 4; lastKnownFileType = sourcecode.swift; name = Schedule.swift; path = Model/Schedule.swift; sourceTree = "<group>"; };
		9F7763F51F3E922300E9E885 /* DateExtensionTest.swift */ = {isa = PBXFileReference; fileEncoding = 4; lastKnownFileType = sourcecode.swift; name = DateExtensionTest.swift; path = Extensions/DateExtensionTest.swift; sourceTree = "<group>"; };
		9F7763F71F3E985500E9E885 /* TitleHeaderSection.swift */ = {isa = PBXFileReference; fileEncoding = 4; lastKnownFileType = sourcecode.swift; name = TitleHeaderSection.swift; path = Home/Cells/TitleHeaderSection.swift; sourceTree = "<group>"; };
		9F7763F91F3E987700E9E885 /* TitleHeaderSection.xib */ = {isa = PBXFileReference; fileEncoding = 4; lastKnownFileType = file.xib; name = TitleHeaderSection.xib; path = Home/Cells/TitleHeaderSection.xib; sourceTree = "<group>"; };
		9F7763FD1F3EA03400E9E885 /* CollectionViewController.swift */ = {isa = PBXFileReference; fileEncoding = 4; lastKnownFileType = sourcecode.swift; name = CollectionViewController.swift; path = Collection/CollectionViewController.swift; sourceTree = "<group>"; };
		9F7763FF1F3EA06900E9E885 /* CollectionPresenter.swift */ = {isa = PBXFileReference; fileEncoding = 4; lastKnownFileType = sourcecode.swift; name = CollectionPresenter.swift; path = Collection/CollectionPresenter.swift; sourceTree = "<group>"; };
		9F7764011F3EA18F00E9E885 /* CollectionService.swift */ = {isa = PBXFileReference; fileEncoding = 4; lastKnownFileType = sourcecode.swift; name = CollectionService.swift; path = API/CollectionService.swift; sourceTree = "<group>"; };
		9F7764041F3EA38200E9E885 /* Base */ = {isa = PBXFileReference; lastKnownFileType = file.storyboard; name = Base; path = Base.lproj/Collection.storyboard; sourceTree = "<group>"; };
		9F7764071F3EA49900E9E885 /* Collection.swift */ = {isa = PBXFileReference; fileEncoding = 4; lastKnownFileType = sourcecode.swift; name = Collection.swift; path = Model/Collection.swift; sourceTree = "<group>"; };
		9F77640A1F3EAD9200E9E885 /* CollectionItemCell.xib */ = {isa = PBXFileReference; fileEncoding = 4; lastKnownFileType = file.xib; name = CollectionItemCell.xib; path = Collection/Cells/CollectionItemCell.xib; sourceTree = "<group>"; };
		9F77640C1F3EAE7100E9E885 /* CollectionItemCell.swift */ = {isa = PBXFileReference; fileEncoding = 4; lastKnownFileType = sourcecode.swift; name = CollectionItemCell.swift; path = Collection/Cells/CollectionItemCell.swift; sourceTree = "<group>"; };
		9F77640F1F3EBEE200E9E885 /* ShowDetailViewController.swift */ = {isa = PBXFileReference; fileEncoding = 4; lastKnownFileType = sourcecode.swift; name = ShowDetailViewController.swift; path = ShowDetail/ShowDetailViewController.swift; sourceTree = "<group>"; };
		9F7764111F3EBF2E00E9E885 /* ShowDetailPresenter.swift */ = {isa = PBXFileReference; fileEncoding = 4; lastKnownFileType = sourcecode.swift; name = ShowDetailPresenter.swift; path = ShowDetail/ShowDetailPresenter.swift; sourceTree = "<group>"; };
		9F7764131F3EC23B00E9E885 /* ImageCell.swift */ = {isa = PBXFileReference; fileEncoding = 4; lastKnownFileType = sourcecode.swift; name = ImageCell.swift; path = CustomCells/ImageCell.swift; sourceTree = "<group>"; };
		9F7764151F3EC25F00E9E885 /* ImageCell.xib */ = {isa = PBXFileReference; fileEncoding = 4; lastKnownFileType = file.xib; name = ImageCell.xib; path = CustomCells/ImageCell.xib; sourceTree = "<group>"; };
		9F7764171F3EC38800E9E885 /* DescriptionCell.swift */ = {isa = PBXFileReference; fileEncoding = 4; lastKnownFileType = sourcecode.swift; name = DescriptionCell.swift; path = CustomCells/DescriptionCell.swift; sourceTree = "<group>"; };
		9F7764191F3EC3A400E9E885 /* DescriptionCell.xib */ = {isa = PBXFileReference; fileEncoding = 4; lastKnownFileType = file.xib; name = DescriptionCell.xib; path = CustomCells/DescriptionCell.xib; sourceTree = "<group>"; };
		9F77641B1F3EC7BA00E9E885 /* ShowDetailService.swift */ = {isa = PBXFileReference; fileEncoding = 4; lastKnownFileType = sourcecode.swift; name = ShowDetailService.swift; path = Network/ShowDetailService.swift; sourceTree = "<group>"; };
		9F77641D1F3F33FA00E9E885 /* Progress.swift */ = {isa = PBXFileReference; fileEncoding = 4; lastKnownFileType = sourcecode.swift; name = Progress.swift; path = Model/Progress.swift; sourceTree = "<group>"; };
		9F77641F1F3F344F00E9E885 /* Season.swift */ = {isa = PBXFileReference; fileEncoding = 4; lastKnownFileType = sourcecode.swift; name = Season.swift; path = Model/Season.swift; sourceTree = "<group>"; };
		9F7764211F3F3C1D00E9E885 /* ProgressCell.swift */ = {isa = PBXFileReference; fileEncoding = 4; lastKnownFileType = sourcecode.swift; name = ProgressCell.swift; path = CustomCells/ProgressCell.swift; sourceTree = "<group>"; };
		9F7764231F3F3C5700E9E885 /* ProgressCell.xib */ = {isa = PBXFileReference; fileEncoding = 4; lastKnownFileType = file.xib; name = ProgressCell.xib; path = CustomCells/ProgressCell.xib; sourceTree = "<group>"; };
		9F8ABBD31F3F4BDD0040F100 /* TitleWithAccessoryCell.swift */ = {isa = PBXFileReference; fileEncoding = 4; lastKnownFileType = sourcecode.swift; name = TitleWithAccessoryCell.swift; path = CustomCells/TitleWithAccessoryCell.swift; sourceTree = "<group>"; };
		9F8ABBD51F3F4C010040F100 /* TitleWithAccessoryCell.xib */ = {isa = PBXFileReference; fileEncoding = 4; lastKnownFileType = file.xib; name = TitleWithAccessoryCell.xib; path = CustomCells/TitleWithAccessoryCell.xib; sourceTree = "<group>"; };
		9F98A60B1F412A2500035FBA /* TitleWithDetailCell.swift */ = {isa = PBXFileReference; fileEncoding = 4; lastKnownFileType = sourcecode.swift; name = TitleWithDetailCell.swift; path = CustomCells/TitleWithDetailCell.swift; sourceTree = "<group>"; };
		9F98A60D1F412A3F00035FBA /* TitleWithDetailCell.xib */ = {isa = PBXFileReference; fileEncoding = 4; lastKnownFileType = file.xib; name = TitleWithDetailCell.xib; path = CustomCells/TitleWithDetailCell.xib; sourceTree = "<group>"; };
		9F98A60F1F412BB300035FBA /* Stats.swift */ = {isa = PBXFileReference; fileEncoding = 4; lastKnownFileType = sourcecode.swift; name = Stats.swift; path = Model/Stats.swift; sourceTree = "<group>"; };
		9F98A6111F412D7000035FBA /* StatsService.swift */ = {isa = PBXFileReference; fileEncoding = 4; lastKnownFileType = sourcecode.swift; name = StatsService.swift; path = API/StatsService.swift; sourceTree = "<group>"; };
		B0DE1CC97A86AC3A7194E45D /* Pods_AppOfMyLife.framework */ = {isa = PBXFileReference; explicitFileType = wrapper.framework; includeInIndex = 0; path = Pods_AppOfMyLife.framework; sourceTree = BUILT_PRODUCTS_DIR; };
		C348FD596B806B49597D388B /* Pods-AppOfMyLifeUITests.release.xcconfig */ = {isa = PBXFileReference; includeInIndex = 1; lastKnownFileType = text.xcconfig; name = "Pods-AppOfMyLifeUITests.release.xcconfig"; path = "Pods/Target Support Files/Pods-AppOfMyLifeUITests/Pods-AppOfMyLifeUITests.release.xcconfig"; sourceTree = "<group>"; };
/* End PBXFileReference section */

/* Begin PBXFrameworksBuildPhase section */
		9F3AEFF11F3A9B5C00EAE651 /* Frameworks */ = {
			isa = PBXFrameworksBuildPhase;
			buildActionMask = 2147483647;
			files = (
				A7C489677A635A76331792BF /* Pods_AppOfMyLife.framework in Frameworks */,
			);
			runOnlyForDeploymentPostprocessing = 0;
		};
		9F3AF0051F3A9B5C00EAE651 /* Frameworks */ = {
			isa = PBXFrameworksBuildPhase;
			buildActionMask = 2147483647;
			files = (
				5F169A241AAC8FCE6D016480 /* Pods_AppOfMyLifeTests.framework in Frameworks */,
			);
			runOnlyForDeploymentPostprocessing = 0;
		};
		9F3AF0101F3A9B5C00EAE651 /* Frameworks */ = {
			isa = PBXFrameworksBuildPhase;
			buildActionMask = 2147483647;
			files = (
				21F6D24B3F1900A14384B485 /* Pods_AppOfMyLifeUITests.framework in Frameworks */,
			);
			runOnlyForDeploymentPostprocessing = 0;
		};
/* End PBXFrameworksBuildPhase section */

/* Begin PBXGroup section */
		4725E347644ACB6D55EA55A6 /* Pods */ = {
			isa = PBXGroup;
			children = (
				1ED3DBA105635DBD1E54B477 /* Pods-AppOfMyLife.debug.xcconfig */,
				27B7CFE493B0571E28AC8910 /* Pods-AppOfMyLife.release.xcconfig */,
				2610D1CF3996FCE073E528BE /* Pods-AppOfMyLifeTests.debug.xcconfig */,
				8A951AC6685FABD4EE5DE7EB /* Pods-AppOfMyLifeTests.release.xcconfig */,
				0CF65326923111E7950AD0D2 /* Pods-AppOfMyLifeUITests.debug.xcconfig */,
				C348FD596B806B49597D388B /* Pods-AppOfMyLifeUITests.release.xcconfig */,
			);
			name = Pods;
			sourceTree = "<group>";
		};
		6E708C0AEA023ADFA332FE2B /* Frameworks */ = {
			isa = PBXGroup;
			children = (
				B0DE1CC97A86AC3A7194E45D /* Pods_AppOfMyLife.framework */,
				34D7AA866A5CBDD33DFE23F6 /* Pods_AppOfMyLifeTests.framework */,
				4FEB886BA66C5020ADA99F9E /* Pods_AppOfMyLifeUITests.framework */,
			);
			name = Frameworks;
			sourceTree = "<group>";
		};
		9F12A8A71F3BEB8E00180307 /* Model */ = {
			isa = PBXGroup;
			children = (
				9F12A8AA1F3BEBC800180307 /* UserSession.swift */,
				9F7763E81F3D453400E9E885 /* UserCredential.swift */,
				9F5C9E2D1F411DA20071B6C6 /* UserSettings.swift */,
				9F5C9E2F1F411DD50071B6C6 /* User.swift */,
				9F77641F1F3F344F00E9E885 /* Season.swift */,
				9F7763E61F3D43A500E9E885 /* Episode.swift */,
				9F7763EA1F3D462D00E9E885 /* Show.swift */,
				9F77641D1F3F33FA00E9E885 /* Progress.swift */,
				9F7763EC1F3D467500E9E885 /* ExternalID.swift */,
				9F7763F21F3D49EA00E9E885 /* Schedule.swift */,
				9F7764071F3EA49900E9E885 /* Collection.swift */,
				9F433AC61F40F0AF00A5E562 /* History.swift */,
				9F98A60F1F412BB300035FBA /* Stats.swift */,
			);
			name = Model;
			sourceTree = "<group>";
		};
		9F27E0951F415F2600C96444 /* Tests */ = {
			isa = PBXGroup;
			children = (
				9F27E09B1F41636B00C96444 /* HomeApiClientSpec.swift */,
			);
			name = Tests;
			sourceTree = "<group>";
		};
		9F27E0961F41625600C96444 /* Service */ = {
			isa = PBXGroup;
			children = (
				9F12A8A51F3BE84300180307 /* LoginService.swift */,
				9F7763EE1F3D47FB00E9E885 /* HomeService.swift */,
				9F7764011F3EA18F00E9E885 /* CollectionService.swift */,
				9F77641B1F3EC7BA00E9E885 /* ShowDetailService.swift */,
				9F433AB01F3F61F800A5E562 /* EpisodeService.swift */,
				9F433AB71F40C4A600A5E562 /* SeasonService.swift */,
				9F433AC41F40F01F00A5E562 /* HistoryService.swift */,
				9F5C9E2B1F411CDA0071B6C6 /* UserService.swift */,
				9F98A6111F412D7000035FBA /* StatsService.swift */,
			);
			name = Service;
			sourceTree = "<group>";
		};
		9F27E09D1F41647000C96444 /* Stubs */ = {
			isa = PBXGroup;
			children = (
				9F27E09E1F41651800C96444 /* GetCalendarSuccess.json */,
			);
			name = Stubs;
			sourceTree = "<group>";
		};
		9F3AEFEB1F3A9B5C00EAE651 = {
			isa = PBXGroup;
			children = (
				9F3AEFF61F3A9B5C00EAE651 /* AppOfMyLife */,
				9F3AF00B1F3A9B5C00EAE651 /* AppOfMyLifeTests */,
				9F3AF0161F3A9B5C00EAE651 /* AppOfMyLifeUITests */,
				9F3AEFF51F3A9B5C00EAE651 /* Products */,
				4725E347644ACB6D55EA55A6 /* Pods */,
				6E708C0AEA023ADFA332FE2B /* Frameworks */,
			);
			sourceTree = "<group>";
		};
		9F3AEFF51F3A9B5C00EAE651 /* Products */ = {
			isa = PBXGroup;
			children = (
				9F3AEFF41F3A9B5C00EAE651 /* AppOfMyLife.app */,
				9F3AF0081F3A9B5C00EAE651 /* AppOfMyLifeTests.xctest */,
				9F3AF0131F3A9B5C00EAE651 /* AppOfMyLifeUITests.xctest */,
			);
			name = Products;
			sourceTree = "<group>";
		};
		9F3AEFF61F3A9B5C00EAE651 /* AppOfMyLife */ = {
			isa = PBXGroup;
			children = (
				9F27E0961F41625600C96444 /* Service */,
				9F7764061F3EA38900E9E885 /* Scenes */,
				9F7763FB1F3E98EC00E9E885 /* CustomCells */,
				9F7763CF1F3D33B300E9E885 /* Storyboards */,
				9F12A8A71F3BEB8E00180307 /* Model */,
				9F4331351F3AC0CD00BA4331 /* API */,
				9F4331321F3ABEEC00BA4331 /* Network */,
				9F43312F1F3AB7C800BA4331 /* Extension */,
				9F3AEFF71F3A9B5C00EAE651 /* AppDelegate.swift */,
				9F3AEFFE1F3A9B5C00EAE651 /* Assets.xcassets */,
				9F3AF0001F3A9B5C00EAE651 /* LaunchScreen.storyboard */,
				9F3AF0031F3A9B5C00EAE651 /* Info.plist */,
			);
			path = AppOfMyLife;
			sourceTree = "<group>";
		};
		9F3AF00B1F3A9B5C00EAE651 /* AppOfMyLifeTests */ = {
			isa = PBXGroup;
			children = (
				9F27E09D1F41647000C96444 /* Stubs */,
				9F27E0951F415F2600C96444 /* Tests */,
				9F7763F41F3E91FB00E9E885 /* Extensions */,
				9F3AF00E1F3A9B5C00EAE651 /* Info.plist */,
			);
			path = AppOfMyLifeTests;
			sourceTree = "<group>";
		};
		9F3AF0161F3A9B5C00EAE651 /* AppOfMyLifeUITests */ = {
			isa = PBXGroup;
			children = (
				9F3AF0171F3A9B5C00EAE651 /* AppOfMyLifeUITests.swift */,
				9F3AF0191F3A9B5C00EAE651 /* Info.plist */,
			);
			path = AppOfMyLifeUITests;
			sourceTree = "<group>";
		};
		9F43311F1F3AB01D00BA4331 /* Login */ = {
			isa = PBXGroup;
			children = (
				9F4331381F3AC49900BA4331 /* LoginViewController.swift */,
				9F43313A1F3AC59100BA4331 /* LoginPresenter.swift */,
			);
			name = Login;
			sourceTree = "<group>";
		};
		9F43312F1F3AB7C800BA4331 /* Extension */ = {
			isa = PBXGroup;
			children = (
				9F7763F01F3D48D300E9E885 /* Date+Extension.swift */,
				9F27E0911F41597C00C96444 /* UIViewController+Extension.swift */,
				9F27E0931F4159BE00C96444 /* UIStoryboard+Extension.swift */,
			);
			name = Extension;
			sourceTree = "<group>";
		};
		9F4331321F3ABEEC00BA4331 /* Network */ = {
			isa = PBXGroup;
			children = (
				9F4331331F3ABEFB00BA4331 /* Network.swift */,
			);
			name = Network;
			sourceTree = "<group>";
		};
		9F4331351F3AC0CD00BA4331 /* API */ = {
			isa = PBXGroup;
			children = (
				9F4331361F3AC0E700BA4331 /* TraktAPI.swift */,
				9F27E0971F4162A200C96444 /* LoginApiClient.swift */,
				9F27E0991F4162DA00C96444 /* HomeApiClient.swift */,
			);
			name = API;
			sourceTree = "<group>";
		};
		9F433AAB1F3F607C00A5E562 /* EpisodeDetail */ = {
			isa = PBXGroup;
			children = (
				9F433AAC1F3F60B200A5E562 /* EpisodeDetailViewController.swift */,
				9F433AAE1F3F60E100A5E562 /* EpisodeDetailPresenter.swift */,
			);
			name = EpisodeDetail;
			sourceTree = "<group>";
		};
		9F433AB21F40C17100A5E562 /* Seasons */ = {
			isa = PBXGroup;
			children = (
				9F433AB31F40C1CE00A5E562 /* SeasonsListViewController.swift */,
				9F433AB51F40C24D00A5E562 /* SeasonsListPresenter.swift */,
			);
			name = Seasons;
			sourceTree = "<group>";
		};
		9F433AB91F40D83B00A5E562 /* Episodes */ = {
			isa = PBXGroup;
			children = (
				9F433ABA1F40D85300A5E562 /* EpisodesListViewController.swift */,
				9F433ABC1F40D94300A5E562 /* EpisodesListPresenter.swift */,
			);
			name = Episodes;
			sourceTree = "<group>";
		};
		9F5C9E261F411B340071B6C6 /* Profile */ = {
			isa = PBXGroup;
			children = (
				9F5C9E271F411B490071B6C6 /* ProfileViewController.swift */,
				9F5C9E291F411B8F0071B6C6 /* ProfilePresenter.swift */,
			);
			name = Profile;
			sourceTree = "<group>";
		};
		9F7763CF1F3D33B300E9E885 /* Storyboards */ = {
			isa = PBXGroup;
			children = (
				9F3AEFFB1F3A9B5C00EAE651 /* Login.storyboard */,
				9F7763D01F3D33F300E9E885 /* Main.storyboard */,
				9F7763D31F3D346400E9E885 /* Home.storyboard */,
				9F7764031F3EA38200E9E885 /* Collection.storyboard */,
				9F5C9E231F411A5A0071B6C6 /* Profile.storyboard */,
			);
			name = Storyboards;
			sourceTree = "<group>";
		};
		9F7763D61F3D389500E9E885 /* Schedule */ = {
			isa = PBXGroup;
			children = (
				9F7763D91F3D38ED00E9E885 /* Cells */,
				9F7763D71F3D38CA00E9E885 /* HomeViewController.swift */,
				9F7763E41F3D429A00E9E885 /* HomePresenter.swift */,
			);
			name = Schedule;
			sourceTree = "<group>";
		};
		9F7763D91F3D38ED00E9E885 /* Cells */ = {
			isa = PBXGroup;
			children = (
				9F7763DA1F3D391A00E9E885 /* ScheduleCell.swift */,
				9F7763DC1F3D393F00E9E885 /* ScheduleCell.xib */,
			);
			name = Cells;
			sourceTree = "<group>";
		};
		9F7763F41F3E91FB00E9E885 /* Extensions */ = {
			isa = PBXGroup;
			children = (
				9F7763F51F3E922300E9E885 /* DateExtensionTest.swift */,
			);
			name = Extensions;
			sourceTree = "<group>";
		};
		9F7763FB1F3E98EC00E9E885 /* CustomCells */ = {
			isa = PBXGroup;
			children = (
				9F7763F71F3E985500E9E885 /* TitleHeaderSection.swift */,
				9F7763F91F3E987700E9E885 /* TitleHeaderSection.xib */,
				9F7764131F3EC23B00E9E885 /* ImageCell.swift */,
				9F7764151F3EC25F00E9E885 /* ImageCell.xib */,
				9F7764171F3EC38800E9E885 /* DescriptionCell.swift */,
				9F7764191F3EC3A400E9E885 /* DescriptionCell.xib */,
				9F7764211F3F3C1D00E9E885 /* ProgressCell.swift */,
				9F7764231F3F3C5700E9E885 /* ProgressCell.xib */,
				9F8ABBD31F3F4BDD0040F100 /* TitleWithAccessoryCell.swift */,
				9F8ABBD51F3F4C010040F100 /* TitleWithAccessoryCell.xib */,
				9F433AC01F40E3F400A5E562 /* EpisodeDateCell.swift */,
				9F433ABE1F40E19100A5E562 /* EpisodeDateCell.xib */,
				9F433AC81F40F3C400A5E562 /* ButtonCell.swift */,
				9F433ACA1F40F3D200A5E562 /* ButtonCell.xib */,
				9F98A60B1F412A2500035FBA /* TitleWithDetailCell.swift */,
				9F98A60D1F412A3F00035FBA /* TitleWithDetailCell.xib */,
			);
			name = CustomCells;
			sourceTree = "<group>";
		};
		9F7763FC1F3E9FFD00E9E885 /* Collection */ = {
			isa = PBXGroup;
			children = (
				9F7764091F3EAD7200E9E885 /* Cells */,
				9F7763FD1F3EA03400E9E885 /* CollectionViewController.swift */,
				9F7763FF1F3EA06900E9E885 /* CollectionPresenter.swift */,
			);
			name = Collection;
			sourceTree = "<group>";
		};
		9F7764061F3EA38900E9E885 /* Scenes */ = {
			isa = PBXGroup;
			children = (
				9F5C9E261F411B340071B6C6 /* Profile */,
				9F433AB91F40D83B00A5E562 /* Episodes */,
				9F433AB21F40C17100A5E562 /* Seasons */,
				9F43311F1F3AB01D00BA4331 /* Login */,
				9F7763D61F3D389500E9E885 /* Schedule */,
				9F7763FC1F3E9FFD00E9E885 /* Collection */,
				9F77640E1F3EBEC100E9E885 /* ShowDetail */,
				9F433AAB1F3F607C00A5E562 /* EpisodeDetail */,
			);
			name = Scenes;
			sourceTree = "<group>";
		};
		9F7764091F3EAD7200E9E885 /* Cells */ = {
			isa = PBXGroup;
			children = (
				9F77640A1F3EAD9200E9E885 /* CollectionItemCell.xib */,
				9F77640C1F3EAE7100E9E885 /* CollectionItemCell.swift */,
			);
			name = Cells;
			sourceTree = "<group>";
		};
		9F77640E1F3EBEC100E9E885 /* ShowDetail */ = {
			isa = PBXGroup;
			children = (
				9F77640F1F3EBEE200E9E885 /* ShowDetailViewController.swift */,
				9F7764111F3EBF2E00E9E885 /* ShowDetailPresenter.swift */,
			);
			name = ShowDetail;
			sourceTree = "<group>";
		};
/* End PBXGroup section */

/* Begin PBXNativeTarget section */
		9F3AEFF31F3A9B5C00EAE651 /* AppOfMyLife */ = {
			isa = PBXNativeTarget;
			buildConfigurationList = 9F3AF01C1F3A9B5C00EAE651 /* Build configuration list for PBXNativeTarget "AppOfMyLife" */;
			buildPhases = (
				0316C9D5FD4CDB4F81920A0B /* [CP] Check Pods Manifest.lock */,
				9F3AEFF01F3A9B5C00EAE651 /* Sources */,
				9F3AEFF11F3A9B5C00EAE651 /* Frameworks */,
				9F3AEFF21F3A9B5C00EAE651 /* Resources */,
				BC6D9B7F90F949B8CD1059A7 /* [CP] Embed Pods Frameworks */,
				4296914849ABD55EF1DC1913 /* [CP] Copy Pods Resources */,
			);
			buildRules = (
			);
			dependencies = (
			);
			name = AppOfMyLife;
			productName = AppOfMyLife;
			productReference = 9F3AEFF41F3A9B5C00EAE651 /* AppOfMyLife.app */;
			productType = "com.apple.product-type.application";
		};
		9F3AF0071F3A9B5C00EAE651 /* AppOfMyLifeTests */ = {
			isa = PBXNativeTarget;
			buildConfigurationList = 9F3AF01F1F3A9B5C00EAE651 /* Build configuration list for PBXNativeTarget "AppOfMyLifeTests" */;
			buildPhases = (
				63923F4A88116801260D292E /* [CP] Check Pods Manifest.lock */,
				9F3AF0041F3A9B5C00EAE651 /* Sources */,
				9F3AF0051F3A9B5C00EAE651 /* Frameworks */,
				9F3AF0061F3A9B5C00EAE651 /* Resources */,
				34BE95D5B17DCD1A0E8082B3 /* [CP] Embed Pods Frameworks */,
				105C926BA707F18EB2EE8DD7 /* [CP] Copy Pods Resources */,
			);
			buildRules = (
			);
			dependencies = (
				9F3AF00A1F3A9B5C00EAE651 /* PBXTargetDependency */,
			);
			name = AppOfMyLifeTests;
			productName = AppOfMyLifeTests;
			productReference = 9F3AF0081F3A9B5C00EAE651 /* AppOfMyLifeTests.xctest */;
			productType = "com.apple.product-type.bundle.unit-test";
		};
		9F3AF0121F3A9B5C00EAE651 /* AppOfMyLifeUITests */ = {
			isa = PBXNativeTarget;
			buildConfigurationList = 9F3AF0221F3A9B5C00EAE651 /* Build configuration list for PBXNativeTarget "AppOfMyLifeUITests" */;
			buildPhases = (
				5C32C61208277D57D675E394 /* [CP] Check Pods Manifest.lock */,
				9F3AF00F1F3A9B5C00EAE651 /* Sources */,
				9F3AF0101F3A9B5C00EAE651 /* Frameworks */,
				9F3AF0111F3A9B5C00EAE651 /* Resources */,
				19F2D173671C0E91616B6EBB /* [CP] Embed Pods Frameworks */,
				EEE3577F6A12BD6BB77307E5 /* [CP] Copy Pods Resources */,
			);
			buildRules = (
			);
			dependencies = (
				9F3AF0151F3A9B5C00EAE651 /* PBXTargetDependency */,
			);
			name = AppOfMyLifeUITests;
			productName = AppOfMyLifeUITests;
			productReference = 9F3AF0131F3A9B5C00EAE651 /* AppOfMyLifeUITests.xctest */;
			productType = "com.apple.product-type.bundle.ui-testing";
		};
/* End PBXNativeTarget section */

/* Begin PBXProject section */
		9F3AEFEC1F3A9B5C00EAE651 /* Project object */ = {
			isa = PBXProject;
			attributes = {
				LastSwiftUpdateCheck = 0830;
				LastUpgradeCheck = 0830;
				ORGANIZATIONNAME = giovane;
				TargetAttributes = {
					9F3AEFF31F3A9B5C00EAE651 = {
						CreatedOnToolsVersion = 8.3.3;
						ProvisioningStyle = Automatic;
					};
					9F3AF0071F3A9B5C00EAE651 = {
						CreatedOnToolsVersion = 8.3.3;
						ProvisioningStyle = Automatic;
						TestTargetID = 9F3AEFF31F3A9B5C00EAE651;
					};
					9F3AF0121F3A9B5C00EAE651 = {
						CreatedOnToolsVersion = 8.3.3;
						ProvisioningStyle = Automatic;
						TestTargetID = 9F3AEFF31F3A9B5C00EAE651;
					};
				};
			};
			buildConfigurationList = 9F3AEFEF1F3A9B5C00EAE651 /* Build configuration list for PBXProject "AppOfMyLife" */;
			compatibilityVersion = "Xcode 3.2";
			developmentRegion = English;
			hasScannedForEncodings = 0;
			knownRegions = (
				en,
				Base,
			);
			mainGroup = 9F3AEFEB1F3A9B5C00EAE651;
			productRefGroup = 9F3AEFF51F3A9B5C00EAE651 /* Products */;
			projectDirPath = "";
			projectRoot = "";
			targets = (
				9F3AEFF31F3A9B5C00EAE651 /* AppOfMyLife */,
				9F3AF0071F3A9B5C00EAE651 /* AppOfMyLifeTests */,
				9F3AF0121F3A9B5C00EAE651 /* AppOfMyLifeUITests */,
			);
		};
/* End PBXProject section */

/* Begin PBXResourcesBuildPhase section */
		9F3AEFF21F3A9B5C00EAE651 /* Resources */ = {
			isa = PBXResourcesBuildPhase;
			buildActionMask = 2147483647;
			files = (
				9F7764051F3EA38200E9E885 /* Collection.storyboard in Resources */,
				9F7763DD1F3D393F00E9E885 /* ScheduleCell.xib in Resources */,
				9F7764241F3F3C5700E9E885 /* ProgressCell.xib in Resources */,
				9F3AF0021F3A9B5C00EAE651 /* LaunchScreen.storyboard in Resources */,
				9F7764161F3EC25F00E9E885 /* ImageCell.xib in Resources */,
				9F77640B1F3EAD9200E9E885 /* CollectionItemCell.xib in Resources */,
				9F7763D51F3D346400E9E885 /* Home.storyboard in Resources */,
				9F98A60E1F412A3F00035FBA /* TitleWithDetailCell.xib in Resources */,
				9F3AEFFF1F3A9B5C00EAE651 /* Assets.xcassets in Resources */,
				9F77641A1F3EC3A400E9E885 /* DescriptionCell.xib in Resources */,
				9F3AEFFD1F3A9B5C00EAE651 /* Login.storyboard in Resources */,
				9F5C9E251F411A5A0071B6C6 /* Profile.storyboard in Resources */,
				9F7763D21F3D33F300E9E885 /* Main.storyboard in Resources */,
				9F433ABF1F40E19100A5E562 /* EpisodeDateCell.xib in Resources */,
				9F433ACB1F40F3D200A5E562 /* ButtonCell.xib in Resources */,
				9F7763FA1F3E987700E9E885 /* TitleHeaderSection.xib in Resources */,
				9F8ABBD61F3F4C010040F100 /* TitleWithAccessoryCell.xib in Resources */,
			);
			runOnlyForDeploymentPostprocessing = 0;
		};
		9F3AF0061F3A9B5C00EAE651 /* Resources */ = {
			isa = PBXResourcesBuildPhase;
			buildActionMask = 2147483647;
			files = (
				9F27E09F1F41651800C96444 /* GetCalendarSuccess.json in Resources */,
			);
			runOnlyForDeploymentPostprocessing = 0;
		};
		9F3AF0111F3A9B5C00EAE651 /* Resources */ = {
			isa = PBXResourcesBuildPhase;
			buildActionMask = 2147483647;
			files = (
			);
			runOnlyForDeploymentPostprocessing = 0;
		};
/* End PBXResourcesBuildPhase section */

/* Begin PBXShellScriptBuildPhase section */
		0316C9D5FD4CDB4F81920A0B /* [CP] Check Pods Manifest.lock */ = {
			isa = PBXShellScriptBuildPhase;
			buildActionMask = 2147483647;
			files = (
			);
			inputPaths = (
			);
			name = "[CP] Check Pods Manifest.lock";
			outputPaths = (
			);
			runOnlyForDeploymentPostprocessing = 0;
			shellPath = /bin/sh;
			shellScript = "diff \"${PODS_PODFILE_DIR_PATH}/Podfile.lock\" \"${PODS_ROOT}/Manifest.lock\" > /dev/null\nif [ $? != 0 ] ; then\n    # print error to STDERR\n    echo \"error: The sandbox is not in sync with the Podfile.lock. Run 'pod install' or update your CocoaPods installation.\" >&2\n    exit 1\nfi\n";
			showEnvVarsInLog = 0;
		};
		105C926BA707F18EB2EE8DD7 /* [CP] Copy Pods Resources */ = {
			isa = PBXShellScriptBuildPhase;
			buildActionMask = 2147483647;
			files = (
			);
			inputPaths = (
			);
			name = "[CP] Copy Pods Resources";
			outputPaths = (
			);
			runOnlyForDeploymentPostprocessing = 0;
			shellPath = /bin/sh;
			shellScript = "\"${SRCROOT}/Pods/Target Support Files/Pods-AppOfMyLifeTests/Pods-AppOfMyLifeTests-resources.sh\"\n";
			showEnvVarsInLog = 0;
		};
		19F2D173671C0E91616B6EBB /* [CP] Embed Pods Frameworks */ = {
			isa = PBXShellScriptBuildPhase;
			buildActionMask = 2147483647;
			files = (
			);
			inputPaths = (
			);
			name = "[CP] Embed Pods Frameworks";
			outputPaths = (
			);
			runOnlyForDeploymentPostprocessing = 0;
			shellPath = /bin/sh;
			shellScript = "\"${SRCROOT}/Pods/Target Support Files/Pods-AppOfMyLifeUITests/Pods-AppOfMyLifeUITests-frameworks.sh\"\n";
			showEnvVarsInLog = 0;
		};
		34BE95D5B17DCD1A0E8082B3 /* [CP] Embed Pods Frameworks */ = {
			isa = PBXShellScriptBuildPhase;
			buildActionMask = 2147483647;
			files = (
			);
			inputPaths = (
			);
			name = "[CP] Embed Pods Frameworks";
			outputPaths = (
			);
			runOnlyForDeploymentPostprocessing = 0;
			shellPath = /bin/sh;
			shellScript = "\"${SRCROOT}/Pods/Target Support Files/Pods-AppOfMyLifeTests/Pods-AppOfMyLifeTests-frameworks.sh\"\n";
			showEnvVarsInLog = 0;
		};
		4296914849ABD55EF1DC1913 /* [CP] Copy Pods Resources */ = {
			isa = PBXShellScriptBuildPhase;
			buildActionMask = 2147483647;
			files = (
			);
			inputPaths = (
			);
			name = "[CP] Copy Pods Resources";
			outputPaths = (
			);
			runOnlyForDeploymentPostprocessing = 0;
			shellPath = /bin/sh;
			shellScript = "\"${SRCROOT}/Pods/Target Support Files/Pods-AppOfMyLife/Pods-AppOfMyLife-resources.sh\"\n";
			showEnvVarsInLog = 0;
		};
		5C32C61208277D57D675E394 /* [CP] Check Pods Manifest.lock */ = {
			isa = PBXShellScriptBuildPhase;
			buildActionMask = 2147483647;
			files = (
			);
			inputPaths = (
			);
			name = "[CP] Check Pods Manifest.lock";
			outputPaths = (
			);
			runOnlyForDeploymentPostprocessing = 0;
			shellPath = /bin/sh;
			shellScript = "diff \"${PODS_PODFILE_DIR_PATH}/Podfile.lock\" \"${PODS_ROOT}/Manifest.lock\" > /dev/null\nif [ $? != 0 ] ; then\n    # print error to STDERR\n    echo \"error: The sandbox is not in sync with the Podfile.lock. Run 'pod install' or update your CocoaPods installation.\" >&2\n    exit 1\nfi\n";
			showEnvVarsInLog = 0;
		};
		63923F4A88116801260D292E /* [CP] Check Pods Manifest.lock */ = {
			isa = PBXShellScriptBuildPhase;
			buildActionMask = 2147483647;
			files = (
			);
			inputPaths = (
			);
			name = "[CP] Check Pods Manifest.lock";
			outputPaths = (
			);
			runOnlyForDeploymentPostprocessing = 0;
			shellPath = /bin/sh;
			shellScript = "diff \"${PODS_PODFILE_DIR_PATH}/Podfile.lock\" \"${PODS_ROOT}/Manifest.lock\" > /dev/null\nif [ $? != 0 ] ; then\n    # print error to STDERR\n    echo \"error: The sandbox is not in sync with the Podfile.lock. Run 'pod install' or update your CocoaPods installation.\" >&2\n    exit 1\nfi\n";
			showEnvVarsInLog = 0;
		};
		BC6D9B7F90F949B8CD1059A7 /* [CP] Embed Pods Frameworks */ = {
			isa = PBXShellScriptBuildPhase;
			buildActionMask = 2147483647;
			files = (
			);
			inputPaths = (
			);
			name = "[CP] Embed Pods Frameworks";
			outputPaths = (
			);
			runOnlyForDeploymentPostprocessing = 0;
			shellPath = /bin/sh;
			shellScript = "\"${SRCROOT}/Pods/Target Support Files/Pods-AppOfMyLife/Pods-AppOfMyLife-frameworks.sh\"\n";
			showEnvVarsInLog = 0;
		};
		EEE3577F6A12BD6BB77307E5 /* [CP] Copy Pods Resources */ = {
			isa = PBXShellScriptBuildPhase;
			buildActionMask = 2147483647;
			files = (
			);
			inputPaths = (
			);
			name = "[CP] Copy Pods Resources";
			outputPaths = (
			);
			runOnlyForDeploymentPostprocessing = 0;
			shellPath = /bin/sh;
			shellScript = "\"${SRCROOT}/Pods/Target Support Files/Pods-AppOfMyLifeUITests/Pods-AppOfMyLifeUITests-resources.sh\"\n";
			showEnvVarsInLog = 0;
		};
/* End PBXShellScriptBuildPhase section */

/* Begin PBXSourcesBuildPhase section */
		9F3AEFF01F3A9B5C00EAE651 /* Sources */ = {
			isa = PBXSourcesBuildPhase;
			buildActionMask = 2147483647;
			files = (
				9F7763F81F3E985500E9E885 /* TitleHeaderSection.swift in Sources */,
				9F43313B1F3AC59100BA4331 /* LoginPresenter.swift in Sources */,
				9F7764221F3F3C1D00E9E885 /* ProgressCell.swift in Sources */,
				9F433AB11F3F61F800A5E562 /* EpisodeService.swift in Sources */,
				9F7763E91F3D453400E9E885 /* UserCredential.swift in Sources */,
				9F433AAD1F3F60B200A5E562 /* EpisodeDetailViewController.swift in Sources */,
				9F7764021F3EA18F00E9E885 /* CollectionService.swift in Sources */,
				9F7763F31F3D49EA00E9E885 /* Schedule.swift in Sources */,
				9F27E0941F4159BE00C96444 /* UIStoryboard+Extension.swift in Sources */,
				9F433AB61F40C24D00A5E562 /* SeasonsListPresenter.swift in Sources */,
				9F433AC11F40E3F400A5E562 /* EpisodeDateCell.swift in Sources */,
				9F12A8AB1F3BEBC800180307 /* UserSession.swift in Sources */,
				9F433AB41F40C1CE00A5E562 /* SeasonsListViewController.swift in Sources */,
				9F77641E1F3F33FA00E9E885 /* Progress.swift in Sources */,
				9F5C9E2E1F411DA20071B6C6 /* UserSettings.swift in Sources */,
				9F4331341F3ABEFB00BA4331 /* Network.swift in Sources */,
				9F7764081F3EA49900E9E885 /* Collection.swift in Sources */,
				9F4331371F3AC0E700BA4331 /* TraktAPI.swift in Sources */,
				9F12A8A61F3BE84300180307 /* LoginService.swift in Sources */,
				9F7763E71F3D43A500E9E885 /* Episode.swift in Sources */,
				9F7764181F3EC38800E9E885 /* DescriptionCell.swift in Sources */,
				9F98A6101F412BB300035FBA /* Stats.swift in Sources */,
				9F433AC91F40F3C400A5E562 /* ButtonCell.swift in Sources */,
				9F4331391F3AC49900BA4331 /* LoginViewController.swift in Sources */,
				9F7764101F3EBEE200E9E885 /* ShowDetailViewController.swift in Sources */,
				9F7763E51F3D429A00E9E885 /* HomePresenter.swift in Sources */,
				9F7763F11F3D48D300E9E885 /* Date+Extension.swift in Sources */,
				9F5C9E2A1F411B8F0071B6C6 /* ProfilePresenter.swift in Sources */,
				9F433ABD1F40D94300A5E562 /* EpisodesListPresenter.swift in Sources */,
				9F7763FE1F3EA03400E9E885 /* CollectionViewController.swift in Sources */,
				9F7763EF1F3D47FB00E9E885 /* HomeService.swift in Sources */,
				9F27E0981F4162A200C96444 /* LoginApiClient.swift in Sources */,
				9F27E09A1F4162DA00C96444 /* HomeApiClient.swift in Sources */,
				9F7763D81F3D38CA00E9E885 /* HomeViewController.swift in Sources */,
				9F7763EB1F3D462D00E9E885 /* Show.swift in Sources */,
				9F433AC51F40F01F00A5E562 /* HistoryService.swift in Sources */,
				9F7764001F3EA06900E9E885 /* CollectionPresenter.swift in Sources */,
				9F7764201F3F344F00E9E885 /* Season.swift in Sources */,
				9F7763ED1F3D467500E9E885 /* ExternalID.swift in Sources */,
				9F77640D1F3EAE7100E9E885 /* CollectionItemCell.swift in Sources */,
				9F7763DB1F3D391A00E9E885 /* ScheduleCell.swift in Sources */,
				9F3AEFF81F3A9B5C00EAE651 /* AppDelegate.swift in Sources */,
				9F98A60C1F412A2500035FBA /* TitleWithDetailCell.swift in Sources */,
				9F5C9E2C1F411CDA0071B6C6 /* UserService.swift in Sources */,
				9F433AC71F40F0AF00A5E562 /* History.swift in Sources */,
				9F7764121F3EBF2E00E9E885 /* ShowDetailPresenter.swift in Sources */,
				9F5C9E301F411DD50071B6C6 /* User.swift in Sources */,
				9F8ABBD41F3F4BDD0040F100 /* TitleWithAccessoryCell.swift in Sources */,
				9F98A6121F412D7000035FBA /* StatsService.swift in Sources */,
				9F433AB81F40C4A600A5E562 /* SeasonService.swift in Sources */,
				9F433AAF1F3F60E100A5E562 /* EpisodeDetailPresenter.swift in Sources */,
				9F433ABB1F40D85300A5E562 /* EpisodesListViewController.swift in Sources */,
				9F27E0921F41597C00C96444 /* UIViewController+Extension.swift in Sources */,
				9F5C9E281F411B490071B6C6 /* ProfileViewController.swift in Sources */,
				9F7764141F3EC23B00E9E885 /* ImageCell.swift in Sources */,
				9F77641C1F3EC7BA00E9E885 /* ShowDetailService.swift in Sources */,
			);
			runOnlyForDeploymentPostprocessing = 0;
		};
		9F3AF0041F3A9B5C00EAE651 /* Sources */ = {
			isa = PBXSourcesBuildPhase;
			buildActionMask = 2147483647;
			files = (
				9F7763F61F3E922300E9E885 /* DateExtensionTest.swift in Sources */,
				9F27E09C1F41636B00C96444 /* HomeApiClientSpec.swift in Sources */,
			);
			runOnlyForDeploymentPostprocessing = 0;
		};
		9F3AF00F1F3A9B5C00EAE651 /* Sources */ = {
			isa = PBXSourcesBuildPhase;
			buildActionMask = 2147483647;
			files = (
				9F3AF0181F3A9B5C00EAE651 /* AppOfMyLifeUITests.swift in Sources */,
			);
			runOnlyForDeploymentPostprocessing = 0;
		};
/* End PBXSourcesBuildPhase section */

/* Begin PBXTargetDependency section */
		9F3AF00A1F3A9B5C00EAE651 /* PBXTargetDependency */ = {
			isa = PBXTargetDependency;
			target = 9F3AEFF31F3A9B5C00EAE651 /* AppOfMyLife */;
			targetProxy = 9F3AF0091F3A9B5C00EAE651 /* PBXContainerItemProxy */;
		};
		9F3AF0151F3A9B5C00EAE651 /* PBXTargetDependency */ = {
			isa = PBXTargetDependency;
			target = 9F3AEFF31F3A9B5C00EAE651 /* AppOfMyLife */;
			targetProxy = 9F3AF0141F3A9B5C00EAE651 /* PBXContainerItemProxy */;
		};
/* End PBXTargetDependency section */

/* Begin PBXVariantGroup section */
		9F3AEFFB1F3A9B5C00EAE651 /* Login.storyboard */ = {
			isa = PBXVariantGroup;
			children = (
				9F3AEFFC1F3A9B5C00EAE651 /* Base */,
			);
			name = Login.storyboard;
			sourceTree = "<group>";
		};
		9F3AF0001F3A9B5C00EAE651 /* LaunchScreen.storyboard */ = {
			isa = PBXVariantGroup;
			children = (
				9F3AF0011F3A9B5C00EAE651 /* Base */,
			);
			name = LaunchScreen.storyboard;
			sourceTree = "<group>";
		};
		9F5C9E231F411A5A0071B6C6 /* Profile.storyboard */ = {
			isa = PBXVariantGroup;
			children = (
				9F5C9E241F411A5A0071B6C6 /* Base */,
			);
			name = Profile.storyboard;
			sourceTree = "<group>";
		};
		9F7763D01F3D33F300E9E885 /* Main.storyboard */ = {
			isa = PBXVariantGroup;
			children = (
				9F7763D11F3D33F300E9E885 /* Base */,
			);
			name = Main.storyboard;
			sourceTree = "<group>";
		};
		9F7763D31F3D346400E9E885 /* Home.storyboard */ = {
			isa = PBXVariantGroup;
			children = (
				9F7763D41F3D346400E9E885 /* Base */,
			);
			name = Home.storyboard;
			sourceTree = "<group>";
		};
		9F7764031F3EA38200E9E885 /* Collection.storyboard */ = {
			isa = PBXVariantGroup;
			children = (
				9F7764041F3EA38200E9E885 /* Base */,
			);
			name = Collection.storyboard;
			sourceTree = "<group>";
		};
/* End PBXVariantGroup section */

/* Begin XCBuildConfiguration section */
		9F3AF01A1F3A9B5C00EAE651 /* Debug */ = {
			isa = XCBuildConfiguration;
			buildSettings = {
				ALWAYS_SEARCH_USER_PATHS = NO;
				CLANG_ANALYZER_NONNULL = YES;
				CLANG_ANALYZER_NUMBER_OBJECT_CONVERSION = YES_AGGRESSIVE;
				CLANG_CXX_LANGUAGE_STANDARD = "gnu++0x";
				CLANG_CXX_LIBRARY = "libc++";
				CLANG_ENABLE_MODULES = YES;
				CLANG_ENABLE_OBJC_ARC = YES;
				CLANG_WARN_BOOL_CONVERSION = YES;
				CLANG_WARN_CONSTANT_CONVERSION = YES;
				CLANG_WARN_DIRECT_OBJC_ISA_USAGE = YES_ERROR;
				CLANG_WARN_DOCUMENTATION_COMMENTS = YES;
				CLANG_WARN_EMPTY_BODY = YES;
				CLANG_WARN_ENUM_CONVERSION = YES;
				CLANG_WARN_INFINITE_RECURSION = YES;
				CLANG_WARN_INT_CONVERSION = YES;
				CLANG_WARN_OBJC_ROOT_CLASS = YES_ERROR;
				CLANG_WARN_SUSPICIOUS_MOVE = YES;
				CLANG_WARN_UNREACHABLE_CODE = YES;
				CLANG_WARN__DUPLICATE_METHOD_MATCH = YES;
				"CODE_SIGN_IDENTITY[sdk=iphoneos*]" = "iPhone Developer";
				COPY_PHASE_STRIP = NO;
				DEBUG_INFORMATION_FORMAT = dwarf;
				ENABLE_STRICT_OBJC_MSGSEND = YES;
				ENABLE_TESTABILITY = YES;
				GCC_C_LANGUAGE_STANDARD = gnu99;
				GCC_DYNAMIC_NO_PIC = NO;
				GCC_NO_COMMON_BLOCKS = YES;
				GCC_OPTIMIZATION_LEVEL = 0;
				GCC_PREPROCESSOR_DEFINITIONS = (
					"DEBUG=1",
					"$(inherited)",
				);
				GCC_WARN_64_TO_32_BIT_CONVERSION = YES;
				GCC_WARN_ABOUT_RETURN_TYPE = YES_ERROR;
				GCC_WARN_UNDECLARED_SELECTOR = YES;
				GCC_WARN_UNINITIALIZED_AUTOS = YES_AGGRESSIVE;
				GCC_WARN_UNUSED_FUNCTION = YES;
				GCC_WARN_UNUSED_VARIABLE = YES;
				IPHONEOS_DEPLOYMENT_TARGET = 10.3;
				MTL_ENABLE_DEBUG_INFO = YES;
				ONLY_ACTIVE_ARCH = YES;
				SDKROOT = iphoneos;
				SWIFT_ACTIVE_COMPILATION_CONDITIONS = DEBUG;
				SWIFT_OPTIMIZATION_LEVEL = "-Onone";
			};
			name = Debug;
		};
		9F3AF01B1F3A9B5C00EAE651 /* Release */ = {
			isa = XCBuildConfiguration;
			buildSettings = {
				ALWAYS_SEARCH_USER_PATHS = NO;
				CLANG_ANALYZER_NONNULL = YES;
				CLANG_ANALYZER_NUMBER_OBJECT_CONVERSION = YES_AGGRESSIVE;
				CLANG_CXX_LANGUAGE_STANDARD = "gnu++0x";
				CLANG_CXX_LIBRARY = "libc++";
				CLANG_ENABLE_MODULES = YES;
				CLANG_ENABLE_OBJC_ARC = YES;
				CLANG_WARN_BOOL_CONVERSION = YES;
				CLANG_WARN_CONSTANT_CONVERSION = YES;
				CLANG_WARN_DIRECT_OBJC_ISA_USAGE = YES_ERROR;
				CLANG_WARN_DOCUMENTATION_COMMENTS = YES;
				CLANG_WARN_EMPTY_BODY = YES;
				CLANG_WARN_ENUM_CONVERSION = YES;
				CLANG_WARN_INFINITE_RECURSION = YES;
				CLANG_WARN_INT_CONVERSION = YES;
				CLANG_WARN_OBJC_ROOT_CLASS = YES_ERROR;
				CLANG_WARN_SUSPICIOUS_MOVE = YES;
				CLANG_WARN_UNREACHABLE_CODE = YES;
				CLANG_WARN__DUPLICATE_METHOD_MATCH = YES;
				"CODE_SIGN_IDENTITY[sdk=iphoneos*]" = "iPhone Developer";
				COPY_PHASE_STRIP = NO;
				DEBUG_INFORMATION_FORMAT = "dwarf-with-dsym";
				ENABLE_NS_ASSERTIONS = NO;
				ENABLE_STRICT_OBJC_MSGSEND = YES;
				GCC_C_LANGUAGE_STANDARD = gnu99;
				GCC_NO_COMMON_BLOCKS = YES;
				GCC_WARN_64_TO_32_BIT_CONVERSION = YES;
				GCC_WARN_ABOUT_RETURN_TYPE = YES_ERROR;
				GCC_WARN_UNDECLARED_SELECTOR = YES;
				GCC_WARN_UNINITIALIZED_AUTOS = YES_AGGRESSIVE;
				GCC_WARN_UNUSED_FUNCTION = YES;
				GCC_WARN_UNUSED_VARIABLE = YES;
				IPHONEOS_DEPLOYMENT_TARGET = 10.3;
				MTL_ENABLE_DEBUG_INFO = NO;
				SDKROOT = iphoneos;
				SWIFT_OPTIMIZATION_LEVEL = "-Owholemodule";
				VALIDATE_PRODUCT = YES;
			};
			name = Release;
		};
		9F3AF01D1F3A9B5C00EAE651 /* Debug */ = {
			isa = XCBuildConfiguration;
			baseConfigurationReference = 1ED3DBA105635DBD1E54B477 /* Pods-AppOfMyLife.debug.xcconfig */;
			buildSettings = {
				ASSETCATALOG_COMPILER_APPICON_NAME = AppIcon;
				DEVELOPMENT_TEAM = "";
				INFOPLIST_FILE = AppOfMyLife/Info.plist;
				LD_RUNPATH_SEARCH_PATHS = "$(inherited) @executable_path/Frameworks";
				PRODUCT_BUNDLE_IDENTIFIER = com.giovane.AppOfMyLife;
				PRODUCT_NAME = "$(TARGET_NAME)";
				SWIFT_VERSION = 3.0;
			};
			name = Debug;
		};
		9F3AF01E1F3A9B5C00EAE651 /* Release */ = {
			isa = XCBuildConfiguration;
			baseConfigurationReference = 27B7CFE493B0571E28AC8910 /* Pods-AppOfMyLife.release.xcconfig */;
			buildSettings = {
				ASSETCATALOG_COMPILER_APPICON_NAME = AppIcon;
				DEVELOPMENT_TEAM = "";
				INFOPLIST_FILE = AppOfMyLife/Info.plist;
				LD_RUNPATH_SEARCH_PATHS = "$(inherited) @executable_path/Frameworks";
				PRODUCT_BUNDLE_IDENTIFIER = com.giovane.AppOfMyLife;
				PRODUCT_NAME = "$(TARGET_NAME)";
				SWIFT_VERSION = 3.0;
			};
			name = Release;
		};
		9F3AF0201F3A9B5C00EAE651 /* Debug */ = {
			isa = XCBuildConfiguration;
			baseConfigurationReference = 2610D1CF3996FCE073E528BE /* Pods-AppOfMyLifeTests.debug.xcconfig */;
			buildSettings = {
				ALWAYS_EMBED_SWIFT_STANDARD_LIBRARIES = YES;
				BUNDLE_LOADER = "$(TEST_HOST)";
				INFOPLIST_FILE = AppOfMyLifeTests/Info.plist;
				LD_RUNPATH_SEARCH_PATHS = "$(inherited) @executable_path/Frameworks @loader_path/Frameworks";
				PRODUCT_BUNDLE_IDENTIFIER = com.giovane.AppOfMyLifeTests;
				PRODUCT_NAME = "$(TARGET_NAME)";
				SWIFT_VERSION = 3.0;
				TEST_HOST = "$(BUILT_PRODUCTS_DIR)/AppOfMyLife.app/AppOfMyLife";
			};
			name = Debug;
		};
		9F3AF0211F3A9B5C00EAE651 /* Release */ = {
			isa = XCBuildConfiguration;
			baseConfigurationReference = 8A951AC6685FABD4EE5DE7EB /* Pods-AppOfMyLifeTests.release.xcconfig */;
			buildSettings = {
				ALWAYS_EMBED_SWIFT_STANDARD_LIBRARIES = YES;
				BUNDLE_LOADER = "$(TEST_HOST)";
				INFOPLIST_FILE = AppOfMyLifeTests/Info.plist;
				LD_RUNPATH_SEARCH_PATHS = "$(inherited) @executable_path/Frameworks @loader_path/Frameworks";
				PRODUCT_BUNDLE_IDENTIFIER = com.giovane.AppOfMyLifeTests;
				PRODUCT_NAME = "$(TARGET_NAME)";
				SWIFT_VERSION = 3.0;
				TEST_HOST = "$(BUILT_PRODUCTS_DIR)/AppOfMyLife.app/AppOfMyLife";
			};
			name = Release;
		};
		9F3AF0231F3A9B5C00EAE651 /* Debug */ = {
			isa = XCBuildConfiguration;
			baseConfigurationReference = 0CF65326923111E7950AD0D2 /* Pods-AppOfMyLifeUITests.debug.xcconfig */;
			buildSettings = {
				ALWAYS_EMBED_SWIFT_STANDARD_LIBRARIES = YES;
				INFOPLIST_FILE = AppOfMyLifeUITests/Info.plist;
				LD_RUNPATH_SEARCH_PATHS = "$(inherited) @executable_path/Frameworks @loader_path/Frameworks";
				PRODUCT_BUNDLE_IDENTIFIER = com.giovane.AppOfMyLifeUITests;
				PRODUCT_NAME = "$(TARGET_NAME)";
				SWIFT_VERSION = 3.0;
				TEST_TARGET_NAME = AppOfMyLife;
			};
			name = Debug;
		};
		9F3AF0241F3A9B5C00EAE651 /* Release */ = {
			isa = XCBuildConfiguration;
			baseConfigurationReference = C348FD596B806B49597D388B /* Pods-AppOfMyLifeUITests.release.xcconfig */;
			buildSettings = {
				ALWAYS_EMBED_SWIFT_STANDARD_LIBRARIES = YES;
				INFOPLIST_FILE = AppOfMyLifeUITests/Info.plist;
				LD_RUNPATH_SEARCH_PATHS = "$(inherited) @executable_path/Frameworks @loader_path/Frameworks";
				PRODUCT_BUNDLE_IDENTIFIER = com.giovane.AppOfMyLifeUITests;
				PRODUCT_NAME = "$(TARGET_NAME)";
				SWIFT_VERSION = 3.0;
				TEST_TARGET_NAME = AppOfMyLife;
			};
			name = Release;
		};
/* End XCBuildConfiguration section */

/* Begin XCConfigurationList section */
		9F3AEFEF1F3A9B5C00EAE651 /* Build configuration list for PBXProject "AppOfMyLife" */ = {
			isa = XCConfigurationList;
			buildConfigurations = (
				9F3AF01A1F3A9B5C00EAE651 /* Debug */,
				9F3AF01B1F3A9B5C00EAE651 /* Release */,
			);
			defaultConfigurationIsVisible = 0;
			defaultConfigurationName = Release;
		};
		9F3AF01C1F3A9B5C00EAE651 /* Build configuration list for PBXNativeTarget "AppOfMyLife" */ = {
			isa = XCConfigurationList;
			buildConfigurations = (
				9F3AF01D1F3A9B5C00EAE651 /* Debug */,
				9F3AF01E1F3A9B5C00EAE651 /* Release */,
			);
			defaultConfigurationIsVisible = 0;
			defaultConfigurationName = Release;
		};
		9F3AF01F1F3A9B5C00EAE651 /* Build configuration list for PBXNativeTarget "AppOfMyLifeTests" */ = {
			isa = XCConfigurationList;
			buildConfigurations = (
				9F3AF0201F3A9B5C00EAE651 /* Debug */,
				9F3AF0211F3A9B5C00EAE651 /* Release */,
			);
			defaultConfigurationIsVisible = 0;
			defaultConfigurationName = Release;
		};
		9F3AF0221F3A9B5C00EAE651 /* Build configuration list for PBXNativeTarget "AppOfMyLifeUITests" */ = {
			isa = XCConfigurationList;
			buildConfigurations = (
				9F3AF0231F3A9B5C00EAE651 /* Debug */,
				9F3AF0241F3A9B5C00EAE651 /* Release */,
			);
			defaultConfigurationIsVisible = 0;
			defaultConfigurationName = Release;
		};
/* End XCConfigurationList section */
	};
	rootObject = 9F3AEFEC1F3A9B5C00EAE651 /* Project object */;
}
